
Microsoft Visual Studio Solution File, Format Version 12.00
# Visual Studio Version 16
VisualStudioVersion = 16.0.30621.155
MinimumVisualStudioVersion = 10.0.40219.1
Project("{FAE04EC0-301F-11D3-BF4B-00C04F79EFBC}") = "RobotsVDinos", "RobotsVDinos\RobotsVDinos.csproj", "{B6CF95C7-98E1-48A0-A179-A50F3ACC9FE7}"
EndProject
Global
	GlobalSection(SolutionConfigurationPlatforms) = preSolution
		Debug|Any CPU = Debug|Any CPU
		Release|Any CPU = Release|Any CPU
	EndGlobalSection
	GlobalSection(ProjectConfigurationPlatforms) = postSolution
		{B6CF95C7-98E1-48A0-A179-A50F3ACC9FE7}.Debug|Any CPU.ActiveCfg = Debug|Any CPU
		{B6CF95C7-98E1-48A0-A179-A50F3ACC9FE7}.Debug|Any CPU.Build.0 = Debug|Any CPU
		{B6CF95C7-98E1-48A0-A179-A50F3ACC9FE7}.Release|Any CPU.ActiveCfg = Release|Any CPU
		{B6CF95C7-98E1-48A0-A179-A50F3ACC9FE7}.Release|Any CPU.Build.0 = Release|Any CPU
	EndGlobalSection
	GlobalSection(SolutionProperties) = preSolution
		HideSolutionNode = FALSE
	EndGlobalSection
	GlobalSection(ExtensibilityGlobals) = postSolution
		SolutionGuid = {D39FC0F5-9D72-4BAC-B50F-34A3C9173EBF}
	EndGlobalSection
EndGlobal
